// !$*UTF8*$!
{
	archiveVersion = 1;
	classes = {
	};
	objectVersion = 56;
	objects = {

/* Begin PBXBuildFile section */
		75B1AB482A03B0F100DC4EC4 /* AppDelegate.swift in Sources */ = {isa = PBXBuildFile; fileRef = 75B1AB472A03B0F100DC4EC4 /* AppDelegate.swift */; };
		75B1AB4A2A03B0F100DC4EC4 /* SceneDelegate.swift in Sources */ = {isa = PBXBuildFile; fileRef = 75B1AB492A03B0F100DC4EC4 /* SceneDelegate.swift */; };
		75B1AB4C2A03B0F100DC4EC4 /* TableViewController.swift in Sources */ = {isa = PBXBuildFile; fileRef = 75B1AB4B2A03B0F100DC4EC4 /* TableViewController.swift */; };
		75B1AB4F2A03B0F100DC4EC4 /* Main.storyboard in Resources */ = {isa = PBXBuildFile; fileRef = 75B1AB4D2A03B0F100DC4EC4 /* Main.storyboard */; };
		75B1AB512A03B0F400DC4EC4 /* Assets.xcassets in Resources */ = {isa = PBXBuildFile; fileRef = 75B1AB502A03B0F400DC4EC4 /* Assets.xcassets */; };
		75B1AB542A03B0F400DC4EC4 /* LaunchScreen.storyboard in Resources */ = {isa = PBXBuildFile; fileRef = 75B1AB522A03B0F400DC4EC4 /* LaunchScreen.storyboard */; };
		75B1AB5C2A03B33500DC4EC4 /* TableViewCell.swift in Sources */ = {isa = PBXBuildFile; fileRef = 75B1AB5B2A03B33500DC4EC4 /* TableViewCell.swift */; };
		75B1AB652A03C31F00DC4EC4 /* Localizable.strings in Resources */ = {isa = PBXBuildFile; fileRef = 75B1AB672A03C31F00DC4EC4 /* Localizable.strings */; };
		75B1AB6B2A03C68B00DC4EC4 /* PokemonAPI in Frameworks */ = {isa = PBXBuildFile; productRef = 75B1AB6A2A03C68B00DC4EC4 /* PokemonAPI */; };
		75B1AB6D2A03CFFA00DC4EC4 /* PokemonDetailsViewController.swift in Sources */ = {isa = PBXBuildFile; fileRef = 75B1AB6C2A03CFFA00DC4EC4 /* PokemonDetailsViewController.swift */; };
/* End PBXBuildFile section */

/* Begin PBXFileReference section */
		75B1AB442A03B0F100DC4EC4 /* Pokedex.app */ = {isa = PBXFileReference; explicitFileType = wrapper.application; includeInIndex = 0; path = Pokedex.app; sourceTree = BUILT_PRODUCTS_DIR; };
		75B1AB472A03B0F100DC4EC4 /* AppDelegate.swift */ = {isa = PBXFileReference; lastKnownFileType = sourcecode.swift; path = AppDelegate.swift; sourceTree = "<group>"; };
		75B1AB492A03B0F100DC4EC4 /* SceneDelegate.swift */ = {isa = PBXFileReference; lastKnownFileType = sourcecode.swift; path = SceneDelegate.swift; sourceTree = "<group>"; };
		75B1AB4B2A03B0F100DC4EC4 /* TableViewController.swift */ = {isa = PBXFileReference; lastKnownFileType = sourcecode.swift; path = TableViewController.swift; sourceTree = "<group>"; };
		75B1AB4E2A03B0F100DC4EC4 /* Base */ = {isa = PBXFileReference; lastKnownFileType = file.storyboard; name = Base; path = Base.lproj/Main.storyboard; sourceTree = "<group>"; };
		75B1AB502A03B0F400DC4EC4 /* Assets.xcassets */ = {isa = PBXFileReference; lastKnownFileType = folder.assetcatalog; path = Assets.xcassets; sourceTree = "<group>"; };
		75B1AB532A03B0F400DC4EC4 /* Base */ = {isa = PBXFileReference; lastKnownFileType = file.storyboard; name = Base; path = Base.lproj/LaunchScreen.storyboard; sourceTree = "<group>"; };
		75B1AB552A03B0F400DC4EC4 /* Info.plist */ = {isa = PBXFileReference; lastKnownFileType = text.plist.xml; path = Info.plist; sourceTree = "<group>"; };
		75B1AB5B2A03B33500DC4EC4 /* TableViewCell.swift */ = {isa = PBXFileReference; lastKnownFileType = sourcecode.swift; path = TableViewCell.swift; sourceTree = "<group>"; };
		75B1AB5D2A03BB6500DC4EC4 /* ja */ = {isa = PBXFileReference; lastKnownFileType = text.plist.strings; name = ja; path = ja.lproj/Main.strings; sourceTree = "<group>"; };
		75B1AB5E2A03BB6500DC4EC4 /* ja */ = {isa = PBXFileReference; lastKnownFileType = text.plist.strings; name = ja; path = ja.lproj/LaunchScreen.strings; sourceTree = "<group>"; };
		75B1AB602A03C02100DC4EC4 /* en */ = {isa = PBXFileReference; lastKnownFileType = text.plist.strings; name = en; path = en.lproj/Main.strings; sourceTree = "<group>"; };
		75B1AB622A03C02600DC4EC4 /* en */ = {isa = PBXFileReference; lastKnownFileType = text.plist.strings; name = en; path = en.lproj/LaunchScreen.strings; sourceTree = "<group>"; };
		75B1AB662A03C31F00DC4EC4 /* en */ = {isa = PBXFileReference; lastKnownFileType = text.plist.strings; name = en; path = en.lproj/Localizable.strings; sourceTree = "<group>"; };
		75B1AB682A03C33200DC4EC4 /* ja */ = {isa = PBXFileReference; lastKnownFileType = text.plist.strings; name = ja; path = ja.lproj/Localizable.strings; sourceTree = "<group>"; };
		75B1AB6C2A03CFFA00DC4EC4 /* PokemonDetailsViewController.swift */ = {isa = PBXFileReference; lastKnownFileType = sourcecode.swift; path = PokemonDetailsViewController.swift; sourceTree = "<group>"; };
/* End PBXFileReference section */

/* Begin PBXFrameworksBuildPhase section */
		75B1AB412A03B0F100DC4EC4 /* Frameworks */ = {
			isa = PBXFrameworksBuildPhase;
			buildActionMask = 2147483647;
			files = (
				75B1AB6B2A03C68B00DC4EC4 /* PokemonAPI in Frameworks */,
			);
			runOnlyForDeploymentPostprocessing = 0;
		};
/* End PBXFrameworksBuildPhase section */

/* Begin PBXGroup section */
		75B1AB3B2A03B0F100DC4EC4 = {
			isa = PBXGroup;
			children = (
				75B1AB462A03B0F100DC4EC4 /* Pokedex */,
				75B1AB452A03B0F100DC4EC4 /* Products */,
			);
			sourceTree = "<group>";
		};
		75B1AB452A03B0F100DC4EC4 /* Products */ = {
			isa = PBXGroup;
			children = (
				75B1AB442A03B0F100DC4EC4 /* Pokedex.app */,
			);
			name = Products;
			sourceTree = "<group>";
		};
		75B1AB462A03B0F100DC4EC4 /* Pokedex */ = {
			isa = PBXGroup;
			children = (
				75B1AB472A03B0F100DC4EC4 /* AppDelegate.swift */,
				75B1AB492A03B0F100DC4EC4 /* SceneDelegate.swift */,
				75B1AB4B2A03B0F100DC4EC4 /* TableViewController.swift */,
				75B1AB6C2A03CFFA00DC4EC4 /* PokemonDetailsViewController.swift */,
				75B1AB5B2A03B33500DC4EC4 /* TableViewCell.swift */,
				75B1AB672A03C31F00DC4EC4 /* Localizable.strings */,
				75B1AB4D2A03B0F100DC4EC4 /* Main.storyboard */,
				75B1AB502A03B0F400DC4EC4 /* Assets.xcassets */,
				75B1AB522A03B0F400DC4EC4 /* LaunchScreen.storyboard */,
				75B1AB552A03B0F400DC4EC4 /* Info.plist */,
			);
			path = Pokedex;
			sourceTree = "<group>";
		};
/* End PBXGroup section */

/* Begin PBXNativeTarget section */
		75B1AB432A03B0F100DC4EC4 /* Pokedex */ = {
			isa = PBXNativeTarget;
			buildConfigurationList = 75B1AB582A03B0F400DC4EC4 /* Build configuration list for PBXNativeTarget "Pokedex" */;
			buildPhases = (
				75B1AB402A03B0F100DC4EC4 /* Sources */,
				75B1AB412A03B0F100DC4EC4 /* Frameworks */,
				75B1AB422A03B0F100DC4EC4 /* Resources */,
			);
			buildRules = (
			);
			dependencies = (
			);
			name = Pokedex;
			packageProductDependencies = (
				75B1AB6A2A03C68B00DC4EC4 /* PokemonAPI */,
			);
			productName = Pokedex;
			productReference = 75B1AB442A03B0F100DC4EC4 /* Pokedex.app */;
			productType = "com.apple.product-type.application";
		};
/* End PBXNativeTarget section */

/* Begin PBXProject section */
		75B1AB3C2A03B0F100DC4EC4 /* Project object */ = {
			isa = PBXProject;
			attributes = {
				BuildIndependentTargetsInParallel = 1;
				LastSwiftUpdateCheck = 1420;
				LastUpgradeCheck = 1420;
				TargetAttributes = {
					75B1AB432A03B0F100DC4EC4 = {
						CreatedOnToolsVersion = 14.2;
					};
				};
			};
			buildConfigurationList = 75B1AB3F2A03B0F100DC4EC4 /* Build configuration list for PBXProject "Pokedex" */;
			compatibilityVersion = "Xcode 14.0";
			developmentRegion = en;
			hasScannedForEncodings = 0;
			knownRegions = (
				en,
				Base,
				ja,
			);
			mainGroup = 75B1AB3B2A03B0F100DC4EC4;
			packageReferences = (
				75B1AB692A03C68B00DC4EC4 /* XCRemoteSwiftPackageReference "PokemonAPI" */,
			);
			productRefGroup = 75B1AB452A03B0F100DC4EC4 /* Products */;
			projectDirPath = "";
			projectRoot = "";
			targets = (
				75B1AB432A03B0F100DC4EC4 /* Pokedex */,
			);
		};
/* End PBXProject section */

/* Begin PBXResourcesBuildPhase section */
		75B1AB422A03B0F100DC4EC4 /* Resources */ = {
			isa = PBXResourcesBuildPhase;
			buildActionMask = 2147483647;
			files = (
				75B1AB542A03B0F400DC4EC4 /* LaunchScreen.storyboard in Resources */,
				75B1AB652A03C31F00DC4EC4 /* Localizable.strings in Resources */,
				75B1AB512A03B0F400DC4EC4 /* Assets.xcassets in Resources */,
				75B1AB4F2A03B0F100DC4EC4 /* Main.storyboard in Resources */,
			);
			runOnlyForDeploymentPostprocessing = 0;
		};
/* End PBXResourcesBuildPhase section */

/* Begin PBXSourcesBuildPhase section */
		75B1AB402A03B0F100DC4EC4 /* Sources */ = {
			isa = PBXSourcesBuildPhase;
			buildActionMask = 2147483647;
			files = (
				75B1AB4C2A03B0F100DC4EC4 /* TableViewController.swift in Sources */,
				75B1AB5C2A03B33500DC4EC4 /* TableViewCell.swift in Sources */,
				75B1AB6D2A03CFFA00DC4EC4 /* PokemonDetailsViewController.swift in Sources */,
				75B1AB482A03B0F100DC4EC4 /* AppDelegate.swift in Sources */,
				75B1AB4A2A03B0F100DC4EC4 /* SceneDelegate.swift in Sources */,
			);
			runOnlyForDeploymentPostprocessing = 0;
		};
/* End PBXSourcesBuildPhase section */

/* Begin PBXVariantGroup section */
		75B1AB4D2A03B0F100DC4EC4 /* Main.storyboard */ = {
			isa = PBXVariantGroup;
			children = (
				75B1AB4E2A03B0F100DC4EC4 /* Base */,
				75B1AB5D2A03BB6500DC4EC4 /* ja */,
				75B1AB602A03C02100DC4EC4 /* en */,
			);
			name = Main.storyboard;
			sourceTree = "<group>";
		};
		75B1AB522A03B0F400DC4EC4 /* LaunchScreen.storyboard */ = {
			isa = PBXVariantGroup;
			children = (
				75B1AB532A03B0F400DC4EC4 /* Base */,
				75B1AB5E2A03BB6500DC4EC4 /* ja */,
				75B1AB622A03C02600DC4EC4 /* en */,
			);
			name = LaunchScreen.storyboard;
			sourceTree = "<group>";
		};
		75B1AB672A03C31F00DC4EC4 /* Localizable.strings */ = {
			isa = PBXVariantGroup;
			children = (
				75B1AB662A03C31F00DC4EC4 /* en */,
				75B1AB682A03C33200DC4EC4 /* ja */,
			);
			name = Localizable.strings;
			sourceTree = "<group>";
		};
/* End PBXVariantGroup section */

/* Begin XCBuildConfiguration section */
		75B1AB562A03B0F400DC4EC4 /* Debug */ = {
			isa = XCBuildConfiguration;
			buildSettings = {
				ALWAYS_SEARCH_USER_PATHS = NO;
				CLANG_ANALYZER_LOCALIZABILITY_NONLOCALIZED = YES;
				CLANG_ANALYZER_NONNULL = YES;
				CLANG_ANALYZER_NUMBER_OBJECT_CONVERSION = YES_AGGRESSIVE;
				CLANG_CXX_LANGUAGE_STANDARD = "gnu++20";
				CLANG_ENABLE_MODULES = YES;
				CLANG_ENABLE_OBJC_ARC = YES;
				CLANG_ENABLE_OBJC_WEAK = YES;
				CLANG_WARN_BLOCK_CAPTURE_AUTORELEASING = YES;
				CLANG_WARN_BOOL_CONVERSION = YES;
				CLANG_WARN_COMMA = YES;
				CLANG_WARN_CONSTANT_CONVERSION = YES;
				CLANG_WARN_DEPRECATED_OBJC_IMPLEMENTATIONS = YES;
				CLANG_WARN_DIRECT_OBJC_ISA_USAGE = YES_ERROR;
				CLANG_WARN_DOCUMENTATION_COMMENTS = YES;
				CLANG_WARN_EMPTY_BODY = YES;
				CLANG_WARN_ENUM_CONVERSION = YES;
				CLANG_WARN_INFINITE_RECURSION = YES;
				CLANG_WARN_INT_CONVERSION = YES;
				CLANG_WARN_NON_LITERAL_NULL_CONVERSION = YES;
				CLANG_WARN_OBJC_IMPLICIT_RETAIN_SELF = YES;
				CLANG_WARN_OBJC_LITERAL_CONVERSION = YES;
				CLANG_WARN_OBJC_ROOT_CLASS = YES_ERROR;
				CLANG_WARN_QUOTED_INCLUDE_IN_FRAMEWORK_HEADER = YES;
				CLANG_WARN_RANGE_LOOP_ANALYSIS = YES;
				CLANG_WARN_STRICT_PROTOTYPES = YES;
				CLANG_WARN_SUSPICIOUS_MOVE = YES;
				CLANG_WARN_UNGUARDED_AVAILABILITY = YES_AGGRESSIVE;
				CLANG_WARN_UNREACHABLE_CODE = YES;
				CLANG_WARN__DUPLICATE_METHOD_MATCH = YES;
				COPY_PHASE_STRIP = NO;
				DEBUG_INFORMATION_FORMAT = dwarf;
				ENABLE_STRICT_OBJC_MSGSEND = YES;
				ENABLE_TESTABILITY = YES;
				GCC_C_LANGUAGE_STANDARD = gnu11;
				GCC_DYNAMIC_NO_PIC = NO;
				GCC_NO_COMMON_BLOCKS = YES;
				GCC_OPTIMIZATION_LEVEL = 0;
				GCC_PREPROCESSOR_DEFINITIONS = (
					"DEBUG=1",
					"$(inherited)",
				);
				GCC_WARN_64_TO_32_BIT_CONVERSION = YES;
				GCC_WARN_ABOUT_RETURN_TYPE = YES_ERROR;
				GCC_WARN_UNDECLARED_SELECTOR = YES;
				GCC_WARN_UNINITIALIZED_AUTOS = YES_AGGRESSIVE;
				GCC_WARN_UNUSED_FUNCTION = YES;
				GCC_WARN_UNUSED_VARIABLE = YES;
				IPHONEOS_DEPLOYMENT_TARGET = 16.2;
				MTL_ENABLE_DEBUG_INFO = INCLUDE_SOURCE;
				MTL_FAST_MATH = YES;
				ONLY_ACTIVE_ARCH = YES;
				SDKROOT = iphoneos;
				SWIFT_ACTIVE_COMPILATION_CONDITIONS = DEBUG;
				SWIFT_OPTIMIZATION_LEVEL = "-Onone";
			};
			name = Debug;
		};
		75B1AB572A03B0F400DC4EC4 /* Release */ = {
			isa = XCBuildConfiguration;
			buildSettings = {
				ALWAYS_SEARCH_USER_PATHS = NO;
				CLANG_ANALYZER_LOCALIZABILITY_NONLOCALIZED = YES;
				CLANG_ANALYZER_NONNULL = YES;
				CLANG_ANALYZER_NUMBER_OBJECT_CONVERSION = YES_AGGRESSIVE;
				CLANG_CXX_LANGUAGE_STANDARD = "gnu++20";
				CLANG_ENABLE_MODULES = YES;
				CLANG_ENABLE_OBJC_ARC = YES;
				CLANG_ENABLE_OBJC_WEAK = YES;
				CLANG_WARN_BLOCK_CAPTURE_AUTORELEASING = YES;
				CLANG_WARN_BOOL_CONVERSION = YES;
				CLANG_WARN_COMMA = YES;
				CLANG_WARN_CONSTANT_CONVERSION = YES;
				CLANG_WARN_DEPRECATED_OBJC_IMPLEMENTATIONS = YES;
				CLANG_WARN_DIRECT_OBJC_ISA_USAGE = YES_ERROR;
				CLANG_WARN_DOCUMENTATION_COMMENTS = YES;
				CLANG_WARN_EMPTY_BODY = YES;
				CLANG_WARN_ENUM_CONVERSION = YES;
				CLANG_WARN_INFINITE_RECURSION = YES;
				CLANG_WARN_INT_CONVERSION = YES;
				CLANG_WARN_NON_LITERAL_NULL_CONVERSION = YES;
				CLANG_WARN_OBJC_IMPLICIT_RETAIN_SELF = YES;
				CLANG_WARN_OBJC_LITERAL_CONVERSION = YES;
				CLANG_WARN_OBJC_ROOT_CLASS = YES_ERROR;
				CLANG_WARN_QUOTED_INCLUDE_IN_FRAMEWORK_HEADER = YES;
				CLANG_WARN_RANGE_LOOP_ANALYSIS = YES;
				CLANG_WARN_STRICT_PROTOTYPES = YES;
				CLANG_WARN_SUSPICIOUS_MOVE = YES;
				CLANG_WARN_UNGUARDED_AVAILABILITY = YES_AGGRESSIVE;
				CLANG_WARN_UNREACHABLE_CODE = YES;
				CLANG_WARN__DUPLICATE_METHOD_MATCH = YES;
				COPY_PHASE_STRIP = NO;
				DEBUG_INFORMATION_FORMAT = "dwarf-with-dsym";
				ENABLE_NS_ASSERTIONS = NO;
				ENABLE_STRICT_OBJC_MSGSEND = YES;
				GCC_C_LANGUAGE_STANDARD = gnu11;
				GCC_NO_COMMON_BLOCKS = YES;
				GCC_WARN_64_TO_32_BIT_CONVERSION = YES;
				GCC_WARN_ABOUT_RETURN_TYPE = YES_ERROR;
				GCC_WARN_UNDECLARED_SELECTOR = YES;
				GCC_WARN_UNINITIALIZED_AUTOS = YES_AGGRESSIVE;
				GCC_WARN_UNUSED_FUNCTION = YES;
				GCC_WARN_UNUSED_VARIABLE = YES;
				IPHONEOS_DEPLOYMENT_TARGET = 16.2;
				MTL_ENABLE_DEBUG_INFO = NO;
				MTL_FAST_MATH = YES;
				SDKROOT = iphoneos;
				SWIFT_COMPILATION_MODE = wholemodule;
				SWIFT_OPTIMIZATION_LEVEL = "-O";
				VALIDATE_PRODUCT = YES;
			};
			name = Release;
		};
		75B1AB592A03B0F400DC4EC4 /* Debug */ = {
			isa = XCBuildConfiguration;
			buildSettings = {
				ASSETCATALOG_COMPILER_APPICON_NAME = AppIcon;
				ASSETCATALOG_COMPILER_GLOBAL_ACCENT_COLOR_NAME = AccentColor;
				CODE_SIGN_STYLE = Automatic;
				CURRENT_PROJECT_VERSION = 1;
				DEVELOPMENT_TEAM = D7LR6FL8D9;
				GENERATE_INFOPLIST_FILE = YES;
				INFOPLIST_FILE = Pokedex/Info.plist;
				INFOPLIST_KEY_UIApplicationSupportsIndirectInputEvents = YES;
				INFOPLIST_KEY_UILaunchStoryboardName = LaunchScreen;
				INFOPLIST_KEY_UIMainStoryboardFile = Main;
				INFOPLIST_KEY_UISupportedInterfaceOrientations_iPad = "UIInterfaceOrientationPortrait UIInterfaceOrientationPortraitUpsideDown UIInterfaceOrientationLandscapeLeft UIInterfaceOrientationLandscapeRight";
				INFOPLIST_KEY_UISupportedInterfaceOrientations_iPhone = "UIInterfaceOrientationPortrait UIInterfaceOrientationLandscapeLeft UIInterfaceOrientationLandscapeRight";
				LD_RUNPATH_SEARCH_PATHS = (
					"$(inherited)",
					"@executable_path/Frameworks",
				);
				MARKETING_VERSION = 1.0;
				PRODUCT_BUNDLE_IDENTIFIER = com.hrjymdl123.Pokedex;
				PRODUCT_NAME = "$(TARGET_NAME)";
				SWIFT_EMIT_LOC_STRINGS = YES;
				SWIFT_VERSION = 5.0;
				TARGETED_DEVICE_FAMILY = "1,2";
			};
			name = Debug;
		};
		75B1AB5A2A03B0F400DC4EC4 /* Release */ = {
			isa = XCBuildConfiguration;
			buildSettings = {
				ASSETCATALOG_COMPILER_APPICON_NAME = AppIcon;
				ASSETCATALOG_COMPILER_GLOBAL_ACCENT_COLOR_NAME = AccentColor;
				CODE_SIGN_STYLE = Automatic;
				CURRENT_PROJECT_VERSION = 1;
				DEVELOPMENT_TEAM = D7LR6FL8D9;
				GENERATE_INFOPLIST_FILE = YES;
				INFOPLIST_FILE = Pokedex/Info.plist;
				INFOPLIST_KEY_UIApplicationSupportsIndirectInputEvents = YES;
				INFOPLIST_KEY_UILaunchStoryboardName = LaunchScreen;
				INFOPLIST_KEY_UIMainStoryboardFile = Main;
				INFOPLIST_KEY_UISupportedInterfaceOrientations_iPad = "UIInterfaceOrientationPortrait UIInterfaceOrientationPortraitUpsideDown UIInterfaceOrientationLandscapeLeft UIInterfaceOrientationLandscapeRight";
				INFOPLIST_KEY_UISupportedInterfaceOrientations_iPhone = "UIInterfaceOrientationPortrait UIInterfaceOrientationLandscapeLeft UIInterfaceOrientationLandscapeRight";
				LD_RUNPATH_SEARCH_PATHS = (
					"$(inherited)",
					"@executable_path/Frameworks",
				);
				MARKETING_VERSION = 1.0;
				PRODUCT_BUNDLE_IDENTIFIER = com.hrjymdl123.Pokedex;
				PRODUCT_NAME = "$(TARGET_NAME)";
				SWIFT_EMIT_LOC_STRINGS = YES;
				SWIFT_VERSION = 5.0;
				TARGETED_DEVICE_FAMILY = "1,2";
			};
			name = Release;
		};
/* End XCBuildConfiguration section */

/* Begin XCConfigurationList section */
		75B1AB3F2A03B0F100DC4EC4 /* Build configuration list for PBXProject "Pokedex" */ = {
			isa = XCConfigurationList;
			buildConfigurations = (
				75B1AB562A03B0F400DC4EC4 /* Debug */,
				75B1AB572A03B0F400DC4EC4 /* Release */,
			);
			defaultConfigurationIsVisible = 0;
			defaultConfigurationName = Release;
		};
		75B1AB582A03B0F400DC4EC4 /* Build configuration list for PBXNativeTarget "Pokedex" */ = {
			isa = XCConfigurationList;
			buildConfigurations = (
				75B1AB592A03B0F400DC4EC4 /* Debug */,
				75B1AB5A2A03B0F400DC4EC4 /* Release */,
			);
			defaultConfigurationIsVisible = 0;
			defaultConfigurationName = Release;
		};
/* End XCConfigurationList section */

/* Begin XCRemoteSwiftPackageReference section */
		75B1AB692A03C68B00DC4EC4 /* XCRemoteSwiftPackageReference "PokemonAPI" */ = {
			isa = XCRemoteSwiftPackageReference;
			repositoryURL = "https://github.com/kinkofer/PokemonAPI";
			requirement = {
				kind = upToNextMajorVersion;
				minimumVersion = 6.0.0;
			};
		};
/* End XCRemoteSwiftPackageReference section */

/* Begin XCSwiftPackageProductDependency section */
		75B1AB6A2A03C68B00DC4EC4 /* PokemonAPI */ = {
			isa = XCSwiftPackageProductDependency;
			package = 75B1AB692A03C68B00DC4EC4 /* XCRemoteSwiftPackageReference "PokemonAPI" */;
			productName = PokemonAPI;
		};
/* End XCSwiftPackageProductDependency section */
	};
	rootObject = 75B1AB3C2A03B0F100DC4EC4 /* Project object */;
}
